{
  "name": "swiftstats",
  "lockfileVersion": 2,
  "requires": true,
  "packages": {
    "": {
      "dependencies": {
        "uikit": "^3.15.10"
      }
    },
    "node_modules/uikit": {
      "version": "3.15.10",
      "resolved": "https://registry.npmmirror.com/uikit/-/uikit-3.15.10.tgz",
      "integrity": "sha512-vAM9net9CIYkXXo2xVS2drs7garbJrgnMzO87QgilMgf8kQswOUW4BvUztFzw8CJVUF+3TKdHx6+hnHmjNEcTQ=="
    }
  },
  "dependencies": {
    "uikit": {
      "version": "3.15.10",
      "resolved": "https://registry.npmmirror.com/uikit/-/uikit-3.15.10.tgz",
      "integrity": "sha512-vAM9net9CIYkXXo2xVS2drs7garbJrgnMzO87QgilMgf8kQswOUW4BvUztFzw8CJVUF+3TKdHx6+hnHmjNEcTQ=="
    }
  }
}
